
Microsoft Visual Studio Solution File, Format Version 12.00
# Visual Studio 14
VisualStudioVersion = 14.0.25420.1
MinimumVisualStudioVersion = 10.0.40219.1
Project("{FAE04EC0-301F-11D3-BF4B-00C04F79EFBC}") = "WisorLibrary", "WisorLibrary\WisorLibrary.csproj", "{64AFDBC4-F866-4B5E-AE27-395DAD70F732}"
EndProject
Project("{FAE04EC0-301F-11D3-BF4B-00C04F79EFBC}") = "WisorAppWpf", "WisorAppWpf\WisorAppWpf.csproj", "{524BBCE5-47E4-43C7-823F-5957D9ADE3EE}"
	ProjectSection(ProjectDependencies) = postProject
		{64AFDBC4-F866-4B5E-AE27-395DAD70F732} = {64AFDBC4-F866-4B5E-AE27-395DAD70F732}
	EndProjectSection
EndProject
Global
	GlobalSection(SolutionConfigurationPlatforms) = preSolution
		Debug|Any CPU = Debug|Any CPU
		Release|Any CPU = Release|Any CPU
	EndGlobalSection
	GlobalSection(ProjectConfigurationPlatforms) = postSolution
		{64AFDBC4-F866-4B5E-AE27-395DAD70F732}.Debug|Any CPU.ActiveCfg = Debug|Any CPU
		{64AFDBC4-F866-4B5E-AE27-395DAD70F732}.Debug|Any CPU.Build.0 = Debug|Any CPU
		{64AFDBC4-F866-4B5E-AE27-395DAD70F732}.Release|Any CPU.ActiveCfg = Release|Any CPU
		{64AFDBC4-F866-4B5E-AE27-395DAD70F732}.Release|Any CPU.Build.0 = Release|Any CPU
		{524BBCE5-47E4-43C7-823F-5957D9ADE3EE}.Debug|Any CPU.ActiveCfg = Debug|Any CPU
		{524BBCE5-47E4-43C7-823F-5957D9ADE3EE}.Debug|Any CPU.Build.0 = Debug|Any CPU
		{524BBCE5-47E4-43C7-823F-5957D9ADE3EE}.Release|Any CPU.ActiveCfg = Release|Any CPU
		{524BBCE5-47E4-43C7-823F-5957D9ADE3EE}.Release|Any CPU.Build.0 = Release|Any CPU
	EndGlobalSection
	GlobalSection(SolutionProperties) = preSolution
		HideSolutionNode = FALSE
	EndGlobalSection
EndGlobal
